github.com/CannibalVox/cgoparam v1.1.0 h1:6UDDhOpT06csFE2vkcanXsIJmebMc9o+6Vzhvi4i0wY=
github.com/CannibalVox/cgoparam v1.1.0/go.mod h1:9LDFLuHVgE+IIBDd1QFN3dPqmGQN9bS6H+NPizMv2fA=
github.com/davecgh/go-spew v1.1.1 h1:vj9j/u1bqnvCEfJOwUhtlOARqs3+rkHYY13jYWTU97c=
github.com/g3n/engine v0.2.0 h1:7dmj4c+3xHcBnYrVmRuVf/oZ2JycxJU9Y+2FQj1Af2Y=
github.com/g3n/engine v0.2.0/go.mod h1:rnj8jiLdKEDI8VbveKhmdL4rovjjy+uxNP5YROg2x8g=
github.com/go-gl/glfw/v3.3/glfw v0.0.0-20210410170116-ea3d685f79fb/go.mod h1:tQ2UAYgL5IevRw8kRxooKSPJfGvJ9fJQFa0TUsXzTg8=
github.com/go-gl/mathgl v1.0.0 h1:t9DznWJlXxxjeeKLIdovCOVJQk/GzDEL7h/h+Ro2B68=
github.com/golang/freetype v0.0.0-20170609003504-e2365dfdc4a0/go.mod h1:E/TSTwGwJL78qG/PmXZO1EjYhfJinVAhrmmHX6Z8B9k=
github.com/golang/mock v1.6.0 h1:ErTB+efbowRARo13NNdxyJji2egdxLGQhRaY+DUumQc=
github.com/google/uuid v1.3.0 h1:t6JiXgmwXMjEs8VusXIJk2BXHsn+wx8BZdTaoZ5fu7I=
github.com/google/uuid v1.3.0/go.mod h1:TIyPZe4MgqvfeYDBFedMoGGpEw/LqOeaOT+nhxU+yHo=
github.com/loov/hrtime v1.0.3 h1:LiWKU3B9skJwRPUf0Urs9+0+OE3TxdMuiRPOTwR0gcU=
github.com/loov/hrtime v1.0.3/go.mod h1:yDY3Pwv2izeY4sq7YcPX/dtLwzg5NU1AxWuWxKwd0p0=
github.com/pkg/errors v0.9.1 h1:FEBLx1zS214owpjy7qsBeixbURkuhQAwrK5UwLGTwt4=
github.com/pkg/errors v0.9.1/go.mod h1:bwawxfHBFNV+L2hUp1rHADufV3IMtnDRdf1r5NINEl0=
github.com/pmezard/go-difflib v1.0.0 h1:4DBwDE0NGyQoBHbLQYPwSUPoCMWR5BEzIk/f1lZbAQM=
github.com/stretchr/testify v1.8.2 h1:+h33VjcLVPDHtOdpUCuF+7gSuG3yGIftsP1YvFihtJ8=
github.com/ungerik/go3d v0.0.0-20220309204530-55ced4bcb334 h1:+pr8RFlV8713Uvkaxzwx/McFP5yxSC1TngTocIv6P2Q=
github.com/veandco/go-sdl2 v0.4.34 h1:dqbUhV/SSJ35grdYTLv3iVxtO1NzNmgzMV//hyCyypY=
github.com/veandco/go-sdl2 v0.4.34/go.mod h1:OROqMhHD43nT4/i9crJukyVecjPNYYuCofep6SNiAjY=
github.com/vkngwrapper/core/v2 v2.2.1 h1:8xw2tuIXAeyNQj4mnDA7BHO6T6f7ba08UbJZB7UM6xg=
github.com/vkngwrapper/core/v2 v2.2.1/go.mod h1:EWABLJZGHa8nyeO4Bh9eR/V862HAz+Fvk5DitkOvYF4=
github.com/vkngwrapper/extensions/v2 v2.2.0 h1:2ZP+Nom2EbefqgR2EPherJRS836wSWPoXeOLvV7aUuY=
github.com/vkngwrapper/extensions/v2 v2.2.0/go.mod h1:55exjYwTUyQVNS/zhrC/Or/c2CA4Q9Cj/88Tu9EqlJ0=
github.com/vkngwrapper/integrations/sdl2/v2 v2.1.0 h1:7XZItFXzMeg6NDsvTXLQz65QD93t+rUuLwXbHbXsmmc=
github.com/vkngwrapper/integrations/sdl2/v2 v2.1.0/go.mod h1:Qwh+0jymwQHlXQQgVYB77m6O49ShV37nR75RBJ/oRvI=
github.com/vkngwrapper/math v1.1.1 h1:uCm4+pZQ40ytb/1DeIkUseNxoncoMgHIa4TpI0I49aE=
github.com/vkngwrapper/math v1.1.1/go.mod h1:+bD7uavhf8bwiuEdAFJyn7bctp1U2ulD/37jtw49t3M=
golang.org/x/image v0.0.0-20210607152325-775e3b0c77b9/go.mod h1:023OzeP/+EPmXeapQh35lcL3II3LrY8Ic+EFFKVhULM=
golang.org/x/image v0.0.0-20220722155232-062f8c9fd539 h1:/eM0PCrQI2xd471rI+snWuu251/+/jpBpZqir2mPdnU=
golang.org/x/text v0.3.6/go.mod h1:5Zoc/QRtKVWzQhOtBMvqHzDpF6irO9z98xDceosuGiQ=
golang.org/x/tools v0.0.0-20180917221912-90fa682c2a6e/go.mod h1:n7NCudcB/nEzxVGmLbDWY5pfWTLqBcC2KZ6jyYvM4mQ=
gopkg.in/check.v1 v0.0.0-20161208181325-20d25e280405/go.mod h1:Co6ibVJAznAaIkqp8huTwlJQCZ016jof/cbN4VW5Yz0=
gopkg.in/yaml.v2 v2.4.0/go.mod h1:RDklbk79AGWmwhnvt/jBztapEOGDOx6ZbXqjP6csGnQ=
gopkg.in/yaml.v3 v3.0.1 h1:fxVm/GzAzEWqLHuvctI91KS9hhNmmWOoWu0XTYJS7CA=
